
Microsoft Visual Studio Solution File, Format Version 12.00
# Visual Studio Version 17
VisualStudioVersion = 17.2.32616.157
MinimumVisualStudioVersion = 10.0.40219.1
Project("{FAE04EC0-301F-11D3-BF4B-00C04F79EFBC}") = "inheritance", "inheritance\inheritance.csproj", "{E878824E-28A7-402B-8ED9-DF879991205C}"
EndProject
Global
	GlobalSection(SolutionConfigurationPlatforms) = preSolution
		Debug|Any CPU = Debug|Any CPU
		Release|Any CPU = Release|Any CPU
	EndGlobalSection
	GlobalSection(ProjectConfigurationPlatforms) = postSolution
		{E878824E-28A7-402B-8ED9-DF879991205C}.Debug|Any CPU.ActiveCfg = Debug|Any CPU
		{E878824E-28A7-402B-8ED9-DF879991205C}.Debug|Any CPU.Build.0 = Debug|Any CPU
		{E878824E-28A7-402B-8ED9-DF879991205C}.Release|Any CPU.ActiveCfg = Release|Any CPU
		{E878824E-28A7-402B-8ED9-DF879991205C}.Release|Any CPU.Build.0 = Release|Any CPU
	EndGlobalSection
	GlobalSection(SolutionProperties) = preSolution
		HideSolutionNode = FALSE
	EndGlobalSection
	GlobalSection(ExtensibilityGlobals) = postSolution
		SolutionGuid = {338AA516-4F5E-49A4-A374-07C6A8C4A944}
	EndGlobalSection
EndGlobal
